{
  "lockfileVersion": 1,
  "configVersion": 1,
  "workspaces": {
    "": {
      "name": "@mariotafner/jaestro",
      "devDependencies": {
        "@types/node": "^26.1.1",
        "@types/pako": "^2.0.4",
        "typescript": "^5.4.0",
      },
      "optionalDependencies": {
        "pako": "^3.0.1",
        "snappy": "^7.3.3",
      },
    },
  },
  "packages": {
    "@emnapi/core": ["@emnapi/core@1.11.2", "", { "dependencies": { "@emnapi/wasi-threads": "1.2.2", "tslib": "^2.4.0" } }, "sha512-TC8MkTuZUtcTSiFeuC0ksCh9QIJ5+F21MvZ4Wn4ORfYaFJ/0dsiudv5tVkejgwZlwQ39jL9WWDe2lz8x0WglOA=="],

    "@emnapi/runtime": ["@emnapi/runtime@1.11.2", "", { "dependencies": { "tslib": "^2.4.0" } }, "sha512-kyOl3X0DuTiT1h2ft8r2fYO8JYtU9a9Xis/zBSiGArNaagCOWx90N1k2wxp18czFDH+OgcWGb5ZP/XMt3dcyPA=="],

    "@emnapi/wasi-threads": ["@emnapi/wasi-threads@1.2.2", "", { "dependencies": { "tslib": "^2.4.0" } }, "sha512-c95qOXkHdydNKhscBTebqEC1CVAZpyqOfVfBzQ1qgzyl3gfeldUjIggDbIZgDKsHLgnsM+igH7TJ/eAasaVuMA=="],

    "@napi-rs/snappy-android-arm-eabi": ["@napi-rs/snappy-android-arm-eabi@7.3.3", "", { "os": "android", "cpu": "arm" }, "sha512-d4vUFFzNBvazGfB/KU8MnEax6itTIgRWXodPdZDnWKHy9HwVBndpCiedQDcSNHcZNYV36rx034rpn7SAuTL2NA=="],

    "@napi-rs/snappy-android-arm64": ["@napi-rs/snappy-android-arm64@7.3.3", "", { "os": "android", "cpu": "arm64" }, "sha512-Uh+w18dhzjVl85MGhRnojb7OLlX2ErvMsYIunO/7l3Frvc2zQvfqsWsFJanu2dwqlE2YDooeNP84S+ywgN9sxg=="],

    "@napi-rs/snappy-darwin-arm64": ["@napi-rs/snappy-darwin-arm64@7.3.3", "", { "os": "darwin", "cpu": "arm64" }, "sha512-AmJn+6yOu/0V0YNHLKmRUNYkn93iv/1wtPayC7O1OHtfY6YqHQ31/MVeeRBiEYtQW9TwVZxXrDirxSB1PxRdtw=="],

    "@napi-rs/snappy-darwin-x64": ["@napi-rs/snappy-darwin-x64@7.3.3", "", { "os": "darwin", "cpu": "x64" }, "sha512-biLTXBmPjPmO7HIpv+5BaV9Gy/4+QJSUNJW8Pjx1UlWAVnocPy7um+zbvAWStZssTI5sfn/jOClrAegD4w09UA=="],

    "@napi-rs/snappy-freebsd-x64": ["@napi-rs/snappy-freebsd-x64@7.3.3", "", { "os": "freebsd", "cpu": "x64" }, "sha512-E3R3ewm8Mrjm0yL2TC3VgnphDsQaCPixNJqBbGiz3NTshVDhlPlOgPKF0NGYqKiKaDGdD9PKtUgOR4vagUtn7g=="],

    "@napi-rs/snappy-linux-arm-gnueabihf": ["@napi-rs/snappy-linux-arm-gnueabihf@7.3.3", "", { "os": "linux", "cpu": "arm" }, "sha512-ZuNgtmk9j0KyT7TfLyEnvZJxOhbkyNR761nk04F0Q4NTHMICP28wQj0xgEsnCHUsEeA9OXrRL4R7waiLn+rOQA=="],

    "@napi-rs/snappy-linux-arm64-gnu": ["@napi-rs/snappy-linux-arm64-gnu@7.3.3", "", { "os": "linux", "cpu": "arm64" }, "sha512-KIzwtq0dAzshzpqZWjg0Q9lUx93iZN7wCCUzCdLYIQ+mvJZKM10VCdn0RcuQze1R3UJTPwpPLXQIVskNMBYyPA=="],

    "@napi-rs/snappy-linux-arm64-musl": ["@napi-rs/snappy-linux-arm64-musl@7.3.3", "", { "os": "linux", "cpu": "arm64" }, "sha512-AAED4cQS74xPvktsyVmz5sy8vSxG/+3d7Rq2FDBZzj3Fv6v5vux6uZnECPCAqpALCdTtJ61unqpOyqO7hZCt1Q=="],

    "@napi-rs/snappy-linux-ppc64-gnu": ["@napi-rs/snappy-linux-ppc64-gnu@7.3.3", "", { "os": "linux", "cpu": "ppc64" }, "sha512-pofO5eSLg8ZTBwVae4WHHwJxJGZI8NEb4r5Mppvq12J/1/Hq1HecClXmfY3A7bdT2fsS2Td+Q7CI9VdBOj2sbA=="],

    "@napi-rs/snappy-linux-riscv64-gnu": ["@napi-rs/snappy-linux-riscv64-gnu@7.3.3", "", { "os": "linux", "cpu": "none" }, "sha512-OiHYdeuwj0TVBXADUmmQDQ4lL1TB+8EwmXnFgOutoDVXHaUl0CJFyXLa6tYUXe+gRY8hs1v7eb0vyE97LKY06Q=="],

    "@napi-rs/snappy-linux-s390x-gnu": ["@napi-rs/snappy-linux-s390x-gnu@7.3.3", "", { "os": "linux", "cpu": "s390x" }, "sha512-66QdmuV9CTq/S/xifZXlMy3PsZTviAgkqqpZ+7vPCmLtuP+nqhaeupShOFf/sIDsS0gZePazPosPTeTBbhkLHg=="],

    "@napi-rs/snappy-linux-x64-gnu": ["@napi-rs/snappy-linux-x64-gnu@7.3.3", "", { "os": "linux", "cpu": "x64" }, "sha512-g6KURjOxrgb8yXDEZMuIcHkUr/7TKlDwSiydEQtMtP3n4iI4sNjkcE/WNKlR3+t9bZh1pFGAq7NFRBtouQGHpQ=="],

    "@napi-rs/snappy-linux-x64-musl": ["@napi-rs/snappy-linux-x64-musl@7.3.3", "", { "os": "linux", "cpu": "x64" }, "sha512-6UvOyczHknpaKjrlKKSlX3rwpOrfJwiMG6qA0NRKJFgbcCAEUxmN9A8JvW4inP46DKdQ0bekdOxwRtAhFiTDfg=="],

    "@napi-rs/snappy-openharmony-arm64": ["@napi-rs/snappy-openharmony-arm64@7.3.3", "", { "os": "none", "cpu": "arm64" }, "sha512-I5mak/5rTprobf7wMCk0vFhClmWOL/QiIJM4XontysnadmP/R9hAcmuFmoMV2GaxC9MblqLA7Z++gy8ou5hJVw=="],

    "@napi-rs/snappy-wasm32-wasi": ["@napi-rs/snappy-wasm32-wasi@7.3.3", "", { "dependencies": { "@napi-rs/wasm-runtime": "^1.0.3" }, "cpu": "none" }, "sha512-+EroeygVYo9RksOchjF206frhMkfD2PaIun3yH4Zp5j/Y0oIEgs/+VhAYx/f+zHRylQYUIdLzDRclcoepvlR8Q=="],

    "@napi-rs/snappy-win32-arm64-msvc": ["@napi-rs/snappy-win32-arm64-msvc@7.3.3", "", { "os": "win32", "cpu": "arm64" }, "sha512-rxqfntBsCfzgOha/OlG8ld2hs6YSMGhpMUbFjeQLyVDbooY041fRXv3S7yk52DfO6H4QQhLT5+p7cW0mYdhyiQ=="],

    "@napi-rs/snappy-win32-ia32-msvc": ["@napi-rs/snappy-win32-ia32-msvc@7.3.3", "", { "os": "win32", "cpu": "ia32" }, "sha512-joRV16DsRtqjGt0CdSpxGCkO0UlHGeTZ/GqvdscoALpRKbikR2Top4C61dxEchmOd3lSYsXutuwWWGg3Nr++WA=="],

    "@napi-rs/snappy-win32-x64-msvc": ["@napi-rs/snappy-win32-x64-msvc@7.3.3", "", { "os": "win32", "cpu": "x64" }, "sha512-cEnQwcsdJyOU7HSZODWsHpKuQoSYM4jaqw/hn9pOXYbRN1+02WxYppD3fdMuKN6TOA6YG5KA5PHRNeVilNX86Q=="],

    "@napi-rs/wasm-runtime": ["@napi-rs/wasm-runtime@1.1.6", "", { "dependencies": { "@tybys/wasm-util": "^0.10.3" }, "peerDependencies": { "@emnapi/core": "^1.7.1", "@emnapi/runtime": "^1.7.1" } }, "sha512-ZLv/JdUfkvOy9eCnnBaGfiO+XimbjebAeO+MRQqD/B+FR1tnRN0tpKSJHRbE8sFfS6aqsXZ67TQjfwfsxULVbg=="],

    "@tybys/wasm-util": ["@tybys/wasm-util@0.10.3", "", { "dependencies": { "tslib": "^2.4.0" } }, "sha512-F3fo1MYrRJYL3zER0OUOmkutjr1Vp23m7OsSgp7nq4SP6OqX6C/56XFIPAl5bt3zaBRjmW7SGz3u/6LwFpYcOg=="],

    "@types/node": ["@types/node@26.1.1", "", { "dependencies": { "undici-types": "~8.3.0" } }, "sha512-nxAkRSVkN1Y0JC1W8ky/fTfkGsMmcrRsbx+3XoZE+rMOX71kLYTV7fLXpqud1GpbpP5TuffXFqfX7fH2GgZREw=="],

    "@types/pako": ["@types/pako@2.0.4", "", {}, "sha512-VWDCbrLeVXJM9fihYodcLiIv0ku+AlOa/TQ1SvYOaBuyrSKgEcro95LJyIsJ4vSo6BXIxOKxiJAat04CmST9Fw=="],

    "pako": ["pako@3.0.1", "", {}, "sha512-GupotUUI0mlhugKjUs4bjOwLt3nrehy9Ys2dxC0GtgVef5cnKggkDMmf2bq2poCCuVXopWPmqsc9VDT2iJUy+w=="],

    "snappy": ["snappy@7.3.3", "", { "optionalDependencies": { "@napi-rs/snappy-android-arm-eabi": "7.3.3", "@napi-rs/snappy-android-arm64": "7.3.3", "@napi-rs/snappy-darwin-arm64": "7.3.3", "@napi-rs/snappy-darwin-x64": "7.3.3", "@napi-rs/snappy-freebsd-x64": "7.3.3", "@napi-rs/snappy-linux-arm-gnueabihf": "7.3.3", "@napi-rs/snappy-linux-arm64-gnu": "7.3.3", "@napi-rs/snappy-linux-arm64-musl": "7.3.3", "@napi-rs/snappy-linux-ppc64-gnu": "7.3.3", "@napi-rs/snappy-linux-riscv64-gnu": "7.3.3", "@napi-rs/snappy-linux-s390x-gnu": "7.3.3", "@napi-rs/snappy-linux-x64-gnu": "7.3.3", "@napi-rs/snappy-linux-x64-musl": "7.3.3", "@napi-rs/snappy-openharmony-arm64": "7.3.3", "@napi-rs/snappy-wasm32-wasi": "7.3.3", "@napi-rs/snappy-win32-arm64-msvc": "7.3.3", "@napi-rs/snappy-win32-ia32-msvc": "7.3.3", "@napi-rs/snappy-win32-x64-msvc": "7.3.3" } }, "sha512-UDJVCunvgblRpfTOjo/uT7pQzfrTsSICJ4yVS4aq7SsGBaUSpJwaVP15nF//jqinSLpN7boe/BqbUmtWMTQ5MQ=="],

    "tslib": ["tslib@2.8.1", "", {}, "sha512-oJFu94HQb+KVduSUQL7wnpmqnfmLsOA/nAh6b6EH0wCEoK0/mPeXU6c3wKDV83MkOuHPRHtSXKKU99IBazS/2w=="],

    "typescript": ["typescript@5.9.3", "", { "bin": { "tsc": "bin/tsc", "tsserver": "bin/tsserver" } }, "sha512-jl1vZzPDinLr9eUt3J/t7V6FgNEw9QjvBPdysz9KfQDD41fQrC2Y4vKQdiaUpFT4bXlb1RHhLpp8wtm6M5TgSw=="],

    "undici-types": ["undici-types@8.3.0", "", {}, "sha512-j375ScV60dom+YkPFIfTLcOiPxkN/buHz5GobjLhixFuANaNs3C9l4GmrWqejgXWJ7BbJcFYpTEUkS1Ge8bpZQ=="],
  }
}
